dependencies:
- name: grafana
  repository: http://kubernetes-charts.storage.googleapis.com/
  version: 1.20.0
- name: prometheus
  repository: http://kubernetes-charts.storage.googleapis.com/
  version: 7.4.6
- name: elasticsearch
  repository: http://storage.googleapis.com/kubernetes-charts-incubator
  version: 1.10.2
- name: kibana
  repository: http://kubernetes-charts.storage.googleapis.com/
  version: 0.20.0
- name: fluentd-elasticsearch
  repository: http://storage.googleapis.com/kubernetes-charts-incubator
  version: 0.7.2
- name: elasticsearch-curator
  repository: http://storage.googleapis.com/kubernetes-charts-incubator
  version: 0.4.3
- name: nginx-ingress
  repository: http://kubernetes-charts.storage.googleapis.com/
  version: 0.30.0
- name: cert-manager
  repository: http://kubernetes-charts.storage.googleapis.com/
  version: v0.5.2
- name: external-dns
  repository: http://kubernetes-charts.storage.googleapis.com/
  version: 0.7.8
- name: metallb
  repository: http://kubernetes-charts.storage.googleapis.com/
  version: 0.8.2
- name: metrics-server
  repository: http://kubernetes-charts.storage.googleapis.com/
  version: 2.0.4
- name: cluster-svc-local-provisioner
  repository: file://./vendored-charts/charts/local-provisioner/
  version: 2.0.0
- name: airflow
  repository: https://opensource-helm.squareroute.io/
  version: 0.2.0-nfs-latest
- name: chartmuseum
  repository: http://kubernetes-charts.storage.googleapis.com/
  version: 1.6.2
- name: monocular
  repository: https://helm.github.io/monocular
  version: 1.2.5
- name: docker-registry
  repository: http://kubernetes-charts.storage.googleapis.com/
  version: 1.6.1
digest: sha256:486c3ae2be0c9c81d3adf11907521714660f8e5b62e609b2db35a31b11aecfa5
generated: 2018-12-09T13:35:49.921195Z
