dependencies:
- name: grafana
  repository: http://kubernetes-charts.storage.googleapis.com/
  version: 1.14.6
- name: prometheus
  repository: http://kubernetes-charts.storage.googleapis.com/
  version: 7.0.3
- name: elasticsearch
  repository: http://storage.googleapis.com/kubernetes-charts-incubator
  version: 1.6.5
- name: kibana
  repository: http://kubernetes-charts.storage.googleapis.com/
  version: 0.13.1
- name: fluentd-elasticsearch
  repository: http://storage.googleapis.com/kubernetes-charts-incubator
  version: 0.7.2
- name: elasticsearch-curator
  repository: http://storage.googleapis.com/kubernetes-charts-incubator
  version: 0.4.1
- name: nginx-ingress
  repository: http://kubernetes-charts.storage.googleapis.com/
  version: 0.28.2
- name: cert-manager
  repository: http://kubernetes-charts.storage.googleapis.com/
  version: v0.4.1
- name: external-dns
  repository: http://kubernetes-charts.storage.googleapis.com/
  version: 0.7.5
digest: sha256:d9fdf1a13c3cef8d63bb5c34ea6a2fb1ecb2a25f4072b04993b27c9aebb5c1f4
generated: 2018-09-09T15:43:31.095492164+01:00
