dependencies:
- name: grafana
  repository: http://kubernetes-charts.storage.googleapis.com/
  version: 1.17.2
- name: prometheus
  repository: http://kubernetes-charts.storage.googleapis.com/
  version: 7.3.1
- name: elasticsearch
  repository: http://storage.googleapis.com/kubernetes-charts-incubator
  version: 1.10.2
- name: kibana
  repository: http://kubernetes-charts.storage.googleapis.com/
  version: 0.16.0
- name: fluentd-elasticsearch
  repository: http://storage.googleapis.com/kubernetes-charts-incubator
  version: 0.7.2
- name: elasticsearch-curator
  repository: http://storage.googleapis.com/kubernetes-charts-incubator
  version: 0.4.1
- name: nginx-ingress
  repository: http://kubernetes-charts.storage.googleapis.com/
  version: 0.29.1
- name: cert-manager
  repository: http://kubernetes-charts.storage.googleapis.com/
  version: v0.5.0
- name: external-dns
  repository: http://kubernetes-charts.storage.googleapis.com/
  version: 0.7.8
- name: metallb
  repository: http://kubernetes-charts.storage.googleapis.com/
  version: 0.8.0
- name: metrics-server
  repository: http://kubernetes-charts.storage.googleapis.com/
  version: 2.0.3
- name: cluster-svc-local-provisioner
  repository: file://./vendored-charts/charts/local-provisioner/
  version: 2.0.0
digest: sha256:c6dc88d8bb68800557f5d0d7aed75658043e90e2f9cedd4fa72d0e8ae1c6a6e3
generated: 2018-10-16T17:55:09.505465+01:00
